
Microsoft Visual Studio Solution File, Format Version 12.00
# Visual Studio 15
VisualStudioVersion = 15.0.26403.7
MinimumVisualStudioVersion = 10.0.40219.1
Project("{FAE04EC0-301F-11D3-BF4B-00C04F79EFBC}") = "Service", "Service\Service.csproj", "{66C5F965-7C66-479A-9960-A3CA6080A71B}"
EndProject
Project("{FAE04EC0-301F-11D3-BF4B-00C04F79EFBC}") = "Client", "Client\Client.csproj", "{65BE53C1-CE01-40DC-A0C3-D049F14827B6}"
EndProject
Project("{FAE04EC0-301F-11D3-BF4B-00C04F79EFBC}") = "CalculatorWindowsService", "WindowsService\CalculatorWindowsService.csproj", "{20D07706-72EC-4CA7-B188-685B630A3395}"
EndProject
Project("{FAE04EC0-301F-11D3-BF4B-00C04F79EFBC}") = "CalculatorService", "CalculatorService\CalculatorService.csproj", "{699C21FB-94D9-47A8-A35B-397DB1A65406}"
EndProject
Global
	GlobalSection(SolutionConfigurationPlatforms) = preSolution
		Debug|Any CPU = Debug|Any CPU
		Debug|ARM = Debug|ARM
		Debug|x64 = Debug|x64
		Debug|x86 = Debug|x86
		Release|Any CPU = Release|Any CPU
		Release|ARM = Release|ARM
		Release|x64 = Release|x64
		Release|x86 = Release|x86
	EndGlobalSection
	GlobalSection(ProjectConfigurationPlatforms) = postSolution
		{66C5F965-7C66-479A-9960-A3CA6080A71B}.Debug|Any CPU.ActiveCfg = Debug|Any CPU
		{66C5F965-7C66-479A-9960-A3CA6080A71B}.Debug|Any CPU.Build.0 = Debug|Any CPU
		{66C5F965-7C66-479A-9960-A3CA6080A71B}.Debug|ARM.ActiveCfg = Debug|Any CPU
		{66C5F965-7C66-479A-9960-A3CA6080A71B}.Debug|ARM.Build.0 = Debug|Any CPU
		{66C5F965-7C66-479A-9960-A3CA6080A71B}.Debug|x64.ActiveCfg = Debug|Any CPU
		{66C5F965-7C66-479A-9960-A3CA6080A71B}.Debug|x64.Build.0 = Debug|Any CPU
		{66C5F965-7C66-479A-9960-A3CA6080A71B}.Debug|x86.ActiveCfg = Debug|Any CPU
		{66C5F965-7C66-479A-9960-A3CA6080A71B}.Debug|x86.Build.0 = Debug|Any CPU
		{66C5F965-7C66-479A-9960-A3CA6080A71B}.Release|Any CPU.ActiveCfg = Release|Any CPU
		{66C5F965-7C66-479A-9960-A3CA6080A71B}.Release|Any CPU.Build.0 = Release|Any CPU
		{66C5F965-7C66-479A-9960-A3CA6080A71B}.Release|ARM.ActiveCfg = Release|Any CPU
		{66C5F965-7C66-479A-9960-A3CA6080A71B}.Release|ARM.Build.0 = Release|Any CPU
		{66C5F965-7C66-479A-9960-A3CA6080A71B}.Release|x64.ActiveCfg = Release|Any CPU
		{66C5F965-7C66-479A-9960-A3CA6080A71B}.Release|x64.Build.0 = Release|Any CPU
		{66C5F965-7C66-479A-9960-A3CA6080A71B}.Release|x86.ActiveCfg = Release|Any CPU
		{66C5F965-7C66-479A-9960-A3CA6080A71B}.Release|x86.Build.0 = Release|Any CPU
		{65BE53C1-CE01-40DC-A0C3-D049F14827B6}.Debug|Any CPU.ActiveCfg = Debug|Any CPU
		{65BE53C1-CE01-40DC-A0C3-D049F14827B6}.Debug|Any CPU.Build.0 = Debug|Any CPU
		{65BE53C1-CE01-40DC-A0C3-D049F14827B6}.Debug|ARM.ActiveCfg = Debug|Any CPU
		{65BE53C1-CE01-40DC-A0C3-D049F14827B6}.Debug|ARM.Build.0 = Debug|Any CPU
		{65BE53C1-CE01-40DC-A0C3-D049F14827B6}.Debug|x64.ActiveCfg = Debug|Any CPU
		{65BE53C1-CE01-40DC-A0C3-D049F14827B6}.Debug|x64.Build.0 = Debug|Any CPU
		{65BE53C1-CE01-40DC-A0C3-D049F14827B6}.Debug|x86.ActiveCfg = Debug|Any CPU
		{65BE53C1-CE01-40DC-A0C3-D049F14827B6}.Debug|x86.Build.0 = Debug|Any CPU
		{65BE53C1-CE01-40DC-A0C3-D049F14827B6}.Release|Any CPU.ActiveCfg = Release|Any CPU
		{65BE53C1-CE01-40DC-A0C3-D049F14827B6}.Release|Any CPU.Build.0 = Release|Any CPU
		{65BE53C1-CE01-40DC-A0C3-D049F14827B6}.Release|ARM.ActiveCfg = Release|Any CPU
		{65BE53C1-CE01-40DC-A0C3-D049F14827B6}.Release|ARM.Build.0 = Release|Any CPU
		{65BE53C1-CE01-40DC-A0C3-D049F14827B6}.Release|x64.ActiveCfg = Release|Any CPU
		{65BE53C1-CE01-40DC-A0C3-D049F14827B6}.Release|x64.Build.0 = Release|Any CPU
		{65BE53C1-CE01-40DC-A0C3-D049F14827B6}.Release|x86.ActiveCfg = Release|Any CPU
		{65BE53C1-CE01-40DC-A0C3-D049F14827B6}.Release|x86.Build.0 = Release|Any CPU
		{20D07706-72EC-4CA7-B188-685B630A3395}.Debug|Any CPU.ActiveCfg = Debug|Any CPU
		{20D07706-72EC-4CA7-B188-685B630A3395}.Debug|Any CPU.Build.0 = Debug|Any CPU
		{20D07706-72EC-4CA7-B188-685B630A3395}.Debug|ARM.ActiveCfg = Debug|Any CPU
		{20D07706-72EC-4CA7-B188-685B630A3395}.Debug|ARM.Build.0 = Debug|Any CPU
		{20D07706-72EC-4CA7-B188-685B630A3395}.Debug|x64.ActiveCfg = Debug|Any CPU
		{20D07706-72EC-4CA7-B188-685B630A3395}.Debug|x64.Build.0 = Debug|Any CPU
		{20D07706-72EC-4CA7-B188-685B630A3395}.Debug|x86.ActiveCfg = Debug|Any CPU
		{20D07706-72EC-4CA7-B188-685B630A3395}.Debug|x86.Build.0 = Debug|Any CPU
		{20D07706-72EC-4CA7-B188-685B630A3395}.Release|Any CPU.ActiveCfg = Release|Any CPU
		{20D07706-72EC-4CA7-B188-685B630A3395}.Release|Any CPU.Build.0 = Release|Any CPU
		{20D07706-72EC-4CA7-B188-685B630A3395}.Release|ARM.ActiveCfg = Release|Any CPU
		{20D07706-72EC-4CA7-B188-685B630A3395}.Release|ARM.Build.0 = Release|Any CPU
		{20D07706-72EC-4CA7-B188-685B630A3395}.Release|x64.ActiveCfg = Release|Any CPU
		{20D07706-72EC-4CA7-B188-685B630A3395}.Release|x64.Build.0 = Release|Any CPU
		{20D07706-72EC-4CA7-B188-685B630A3395}.Release|x86.ActiveCfg = Release|Any CPU
		{20D07706-72EC-4CA7-B188-685B630A3395}.Release|x86.Build.0 = Release|Any CPU
		{699C21FB-94D9-47A8-A35B-397DB1A65406}.Debug|Any CPU.ActiveCfg = Debug|Any CPU
		{699C21FB-94D9-47A8-A35B-397DB1A65406}.Debug|Any CPU.Build.0 = Debug|Any CPU
		{699C21FB-94D9-47A8-A35B-397DB1A65406}.Debug|ARM.ActiveCfg = Debug|Any CPU
		{699C21FB-94D9-47A8-A35B-397DB1A65406}.Debug|ARM.Build.0 = Debug|Any CPU
		{699C21FB-94D9-47A8-A35B-397DB1A65406}.Debug|x64.ActiveCfg = Debug|Any CPU
		{699C21FB-94D9-47A8-A35B-397DB1A65406}.Debug|x64.Build.0 = Debug|Any CPU
		{699C21FB-94D9-47A8-A35B-397DB1A65406}.Debug|x86.ActiveCfg = Debug|Any CPU
		{699C21FB-94D9-47A8-A35B-397DB1A65406}.Debug|x86.Build.0 = Debug|Any CPU
		{699C21FB-94D9-47A8-A35B-397DB1A65406}.Release|Any CPU.ActiveCfg = Release|Any CPU
		{699C21FB-94D9-47A8-A35B-397DB1A65406}.Release|Any CPU.Build.0 = Release|Any CPU
		{699C21FB-94D9-47A8-A35B-397DB1A65406}.Release|ARM.ActiveCfg = Release|Any CPU
		{699C21FB-94D9-47A8-A35B-397DB1A65406}.Release|ARM.Build.0 = Release|Any CPU
		{699C21FB-94D9-47A8-A35B-397DB1A65406}.Release|x64.ActiveCfg = Release|Any CPU
		{699C21FB-94D9-47A8-A35B-397DB1A65406}.Release|x64.Build.0 = Release|Any CPU
		{699C21FB-94D9-47A8-A35B-397DB1A65406}.Release|x86.ActiveCfg = Release|Any CPU
		{699C21FB-94D9-47A8-A35B-397DB1A65406}.Release|x86.Build.0 = Release|Any CPU
	EndGlobalSection
	GlobalSection(SolutionProperties) = preSolution
		HideSolutionNode = FALSE
	EndGlobalSection
EndGlobal
